# THIS IS AN AUTOGENERATED FILE. DO NOT EDIT THIS FILE DIRECTLY.
# yarn lockfile v1


ckeditor4-vue@^1.0.0:
  version "1.0.0"
  resolved "https://registry.yarnpkg.com/ckeditor4-vue/-/ckeditor4-vue-1.0.0.tgz#71694aee8330f6ecb65e62b6acd29e7adbe755f4"
  integrity sha512-0wqFx7P5pWAi6Lm3w7KpdZjl49jy5EIHCoP8mRSnrCTwES9JZTdPmQTSZMck0Ec1ZuJz2TTZEIIXkLbAiyT/9A==
  dependencies:
    load-script "^1.0.0"

flush-promises@^1.0.2:
  version "1.0.2"
  resolved "https://registry.yarnpkg.com/flush-promises/-/flush-promises-1.0.2.tgz#4948fd58f15281fed79cbafc86293d5bb09b2ced"
  integrity sha512-G0sYfLQERwKz4+4iOZYQEZVpOt9zQrlItIxQAAYAWpfby3gbHrx0osCHz5RLl/XoXevXk0xoN4hDFky/VV9TrA==

load-script@^1.0.0:
  version "1.0.0"
  resolved "https://registry.yarnpkg.com/load-script/-/load-script-1.0.0.tgz#0491939e0bee5643ee494a7e3da3d2bac70c6ca4"
  integrity sha1-BJGTngvuVkPuSUp+PaPSuscMbKQ=

vue@^2.6.11:
  version "2.6.11"
  resolved "https://registry.yarnpkg.com/vue/-/vue-2.6.11.tgz#76594d877d4b12234406e84e35275c6d514125c5"
  integrity sha512-VfPwgcGABbGAue9+sfrD4PuwFar7gPb1yl1UK1MwXoQPAw0BKSqWfoYCT/ThFrdEVWoI51dBuyCoiNU9bZDZxQ==
